// !$*UTF8*$!
{
	archiveVersion = 1;
	classes = {
	};
	objectVersion = 50;
	objects = {

/* Begin PBXBuildFile section */
		1EE507F824B37DB5001F0865 /* AppDelegate.swift in Sources */ = {isa = PBXBuildFile; fileRef = 1EE507F724B37DB5001F0865 /* AppDelegate.swift */; };
		1EE507FA24B37DB5001F0865 /* SceneDelegate.swift in Sources */ = {isa = PBXBuildFile; fileRef = 1EE507F924B37DB5001F0865 /* SceneDelegate.swift */; };
		1EE507FC24B37DB5001F0865 /* ViewController.swift in Sources */ = {isa = PBXBuildFile; fileRef = 1EE507FB24B37DB5001F0865 /* ViewController.swift */; };
		1EE507FF24B37DB5001F0865 /* Main.storyboard in Resources */ = {isa = PBXBuildFile; fileRef = 1EE507FD24B37DB5001F0865 /* Main.storyboard */; };
		1EE5080224B37DB5001F0865 /* BinaryWatch.xcdatamodeld in Sources */ = {isa = PBXBuildFile; fileRef = 1EE5080024B37DB5001F0865 /* BinaryWatch.xcdatamodeld */; };
		1EE5080424B37DB8001F0865 /* Assets.xcassets in Resources */ = {isa = PBXBuildFile; fileRef = 1EE5080324B37DB8001F0865 /* Assets.xcassets */; };
		1EE5080724B37DB8001F0865 /* LaunchScreen.storyboard in Resources */ = {isa = PBXBuildFile; fileRef = 1EE5080524B37DB8001F0865 /* LaunchScreen.storyboard */; };
		1EE5081224B37DB8001F0865 /* BinaryWatchTests.swift in Sources */ = {isa = PBXBuildFile; fileRef = 1EE5081124B37DB8001F0865 /* BinaryWatchTests.swift */; };
/* End PBXBuildFile section */

/* Begin PBXContainerItemProxy section */
		1EE5080E24B37DB8001F0865 /* PBXContainerItemProxy */ = {
			isa = PBXContainerItemProxy;
			containerPortal = 1EE507EC24B37DB5001F0865 /* Project object */;
			proxyType = 1;
			remoteGlobalIDString = 1EE507F324B37DB5001F0865;
			remoteInfo = BinaryWatch;
		};
/* End PBXContainerItemProxy section */

/* Begin PBXFileReference section */
		1EE507F424B37DB5001F0865 /* BinaryWatch.app */ = {isa = PBXFileReference; explicitFileType = wrapper.application; includeInIndex = 0; path = BinaryWatch.app; sourceTree = BUILT_PRODUCTS_DIR; };
		1EE507F724B37DB5001F0865 /* AppDelegate.swift */ = {isa = PBXFileReference; lastKnownFileType = sourcecode.swift; path = AppDelegate.swift; sourceTree = "<group>"; };
		1EE507F924B37DB5001F0865 /* SceneDelegate.swift */ = {isa = PBXFileReference; lastKnownFileType = sourcecode.swift; path = SceneDelegate.swift; sourceTree = "<group>"; };
		1EE507FB24B37DB5001F0865 /* ViewController.swift */ = {isa = PBXFileReference; lastKnownFileType = sourcecode.swift; path = ViewController.swift; sourceTree = "<group>"; };
		1EE507FE24B37DB5001F0865 /* Base */ = {isa = PBXFileReference; lastKnownFileType = file.storyboard; name = Base; path = Base.lproj/Main.storyboard; sourceTree = "<group>"; };
		1EE5080124B37DB5001F0865 /* BinaryWatch.xcdatamodel */ = {isa = PBXFileReference; lastKnownFileType = wrapper.xcdatamodel; path = BinaryWatch.xcdatamodel; sourceTree = "<group>"; };
		1EE5080324B37DB8001F0865 /* Assets.xcassets */ = {isa = PBXFileReference; lastKnownFileType = folder.assetcatalog; path = Assets.xcassets; sourceTree = "<group>"; };
		1EE5080624B37DB8001F0865 /* Base */ = {isa = PBXFileReference; lastKnownFileType = file.storyboard; name = Base; path = Base.lproj/LaunchScreen.storyboard; sourceTree = "<group>"; };
		1EE5080824B37DB8001F0865 /* Info.plist */ = {isa = PBXFileReference; lastKnownFileType = text.plist.xml; path = Info.plist; sourceTree = "<group>"; };
		1EE5080D24B37DB8001F0865 /* BinaryWatchTests.xctest */ = {isa = PBXFileReference; explicitFileType = wrapper.cfbundle; includeInIndex = 0; path = BinaryWatchTests.xctest; sourceTree = BUILT_PRODUCTS_DIR; };
		1EE5081124B37DB8001F0865 /* BinaryWatchTests.swift */ = {isa = PBXFileReference; lastKnownFileType = sourcecode.swift; path = BinaryWatchTests.swift; sourceTree = "<group>"; };
		1EE5081324B37DB8001F0865 /* Info.plist */ = {isa = PBXFileReference; lastKnownFileType = text.plist.xml; path = Info.plist; sourceTree = "<group>"; };
/* End PBXFileReference section */

/* Begin PBXFrameworksBuildPhase section */
		1EE507F124B37DB5001F0865 /* Frameworks */ = {
			isa = PBXFrameworksBuildPhase;
			buildActionMask = 2147483647;
			files = (
			);
			runOnlyForDeploymentPostprocessing = 0;
		};
		1EE5080A24B37DB8001F0865 /* Frameworks */ = {
			isa = PBXFrameworksBuildPhase;
			buildActionMask = 2147483647;
			files = (
			);
			runOnlyForDeploymentPostprocessing = 0;
		};
/* End PBXFrameworksBuildPhase section */

/* Begin PBXGroup section */
		1EE507EB24B37DB5001F0865 = {
			isa = PBXGroup;
			children = (
				1EE507F624B37DB5001F0865 /* BinaryWatch */,
				1EE5081024B37DB8001F0865 /* BinaryWatchTests */,
				1EE507F524B37DB5001F0865 /* Products */,
			);
			sourceTree = "<group>";
		};
		1EE507F524B37DB5001F0865 /* Products */ = {
			isa = PBXGroup;
			children = (
				1EE507F424B37DB5001F0865 /* BinaryWatch.app */,
				1EE5080D24B37DB8001F0865 /* BinaryWatchTests.xctest */,
			);
			name = Products;
			sourceTree = "<group>";
		};
		1EE507F624B37DB5001F0865 /* BinaryWatch */ = {
			isa = PBXGroup;
			children = (
				1EE507F724B37DB5001F0865 /* AppDelegate.swift */,
				1EE507F924B37DB5001F0865 /* SceneDelegate.swift */,
				1EE507FB24B37DB5001F0865 /* ViewController.swift */,
				1EE507FD24B37DB5001F0865 /* Main.storyboard */,
				1EE5080324B37DB8001F0865 /* Assets.xcassets */,
				1EE5080524B37DB8001F0865 /* LaunchScreen.storyboard */,
				1EE5080824B37DB8001F0865 /* Info.plist */,
				1EE5080024B37DB5001F0865 /* BinaryWatch.xcdatamodeld */,
			);
			path = BinaryWatch;
			sourceTree = "<group>";
		};
		1EE5081024B37DB8001F0865 /* BinaryWatchTests */ = {
			isa = PBXGroup;
			children = (
				1EE5081124B37DB8001F0865 /* BinaryWatchTests.swift */,
				1EE5081324B37DB8001F0865 /* Info.plist */,
			);
			path = BinaryWatchTests;
			sourceTree = "<group>";
		};
/* End PBXGroup section */

/* Begin PBXNativeTarget section */
		1EE507F324B37DB5001F0865 /* BinaryWatch */ = {
			isa = PBXNativeTarget;
			buildConfigurationList = 1EE5081624B37DB8001F0865 /* Build configuration list for PBXNativeTarget "BinaryWatch" */;
			buildPhases = (
				1EE507F024B37DB5001F0865 /* Sources */,
				1EE507F124B37DB5001F0865 /* Frameworks */,
				1EE507F224B37DB5001F0865 /* Resources */,
			);
			buildRules = (
			);
			dependencies = (
			);
			name = BinaryWatch;
			productName = BinaryWatch;
			productReference = 1EE507F424B37DB5001F0865 /* BinaryWatch.app */;
			productType = "com.apple.product-type.application";
		};
		1EE5080C24B37DB8001F0865 /* BinaryWatchTests */ = {
			isa = PBXNativeTarget;
			buildConfigurationList = 1EE5081924B37DB8001F0865 /* Build configuration list for PBXNativeTarget "BinaryWatchTests" */;
			buildPhases = (
				1EE5080924B37DB8001F0865 /* Sources */,
				1EE5080A24B37DB8001F0865 /* Frameworks */,
				1EE5080B24B37DB8001F0865 /* Resources */,
			);
			buildRules = (
			);
			dependencies = (
				1EE5080F24B37DB8001F0865 /* PBXTargetDependency */,
			);
			name = BinaryWatchTests;
			productName = BinaryWatchTests;
			productReference = 1EE5080D24B37DB8001F0865 /* BinaryWatchTests.xctest */;
			productType = "com.apple.product-type.bundle.unit-test";
		};
/* End PBXNativeTarget section */

/* Begin PBXProject section */
		1EE507EC24B37DB5001F0865 /* Project object */ = {
			isa = PBXProject;
			attributes = {
				LastSwiftUpdateCheck = 1150;
				LastUpgradeCheck = 1150;
				ORGANIZATIONNAME = "Björn Åhström";
				TargetAttributes = {
					1EE507F324B37DB5001F0865 = {
						CreatedOnToolsVersion = 11.5;
					};
					1EE5080C24B37DB8001F0865 = {
						CreatedOnToolsVersion = 11.5;
						TestTargetID = 1EE507F324B37DB5001F0865;
					};
				};
			};
			buildConfigurationList = 1EE507EF24B37DB5001F0865 /* Build configuration list for PBXProject "BinaryWatch" */;
			compatibilityVersion = "Xcode 9.3";
			developmentRegion = en;
			hasScannedForEncodings = 0;
			knownRegions = (
				en,
				Base,
			);
			mainGroup = 1EE507EB24B37DB5001F0865;
			productRefGroup = 1EE507F524B37DB5001F0865 /* Products */;
			projectDirPath = "";
			projectRoot = "";
			targets = (
				1EE507F324B37DB5001F0865 /* BinaryWatch */,
				1EE5080C24B37DB8001F0865 /* BinaryWatchTests */,
			);
		};
/* End PBXProject section */

/* Begin PBXResourcesBuildPhase section */
		1EE507F224B37DB5001F0865 /* Resources */ = {
			isa = PBXResourcesBuildPhase;
			buildActionMask = 2147483647;
			files = (
				1EE5080724B37DB8001F0865 /* LaunchScreen.storyboard in Resources */,
				1EE5080424B37DB8001F0865 /* Assets.xcassets in Resources */,
				1EE507FF24B37DB5001F0865 /* Main.storyboard in Resources */,
			);
			runOnlyForDeploymentPostprocessing = 0;
		};
		1EE5080B24B37DB8001F0865 /* Resources */ = {
			isa = PBXResourcesBuildPhase;
			buildActionMask = 2147483647;
			files = (
			);
			runOnlyForDeploymentPostprocessing = 0;
		};
/* End PBXResourcesBuildPhase section */

/* Begin PBXSourcesBuildPhase section */
		1EE507F024B37DB5001F0865 /* Sources */ = {
			isa = PBXSourcesBuildPhase;
			buildActionMask = 2147483647;
			files = (
				1EE5080224B37DB5001F0865 /* BinaryWatch.xcdatamodeld in Sources */,
				1EE507FC24B37DB5001F0865 /* ViewController.swift in Sources */,
				1EE507F824B37DB5001F0865 /* AppDelegate.swift in Sources */,
				1EE507FA24B37DB5001F0865 /* SceneDelegate.swift in Sources */,
			);
			runOnlyForDeploymentPostprocessing = 0;
		};
		1EE5080924B37DB8001F0865 /* Sources */ = {
			isa = PBXSourcesBuildPhase;
			buildActionMask = 2147483647;
			files = (
				1EE5081224B37DB8001F0865 /* BinaryWatchTests.swift in Sources */,
			);
			runOnlyForDeploymentPostprocessing = 0;
		};
/* End PBXSourcesBuildPhase section */

/* Begin PBXTargetDependency section */
		1EE5080F24B37DB8001F0865 /* PBXTargetDependency */ = {
			isa = PBXTargetDependency;
			target = 1EE507F324B37DB5001F0865 /* BinaryWatch */;
			targetProxy = 1EE5080E24B37DB8001F0865 /* PBXContainerItemProxy */;
		};
/* End PBXTargetDependency section */

/* Begin PBXVariantGroup section */
		1EE507FD24B37DB5001F0865 /* Main.storyboard */ = {
			isa = PBXVariantGroup;
			children = (
				1EE507FE24B37DB5001F0865 /* Base */,
			);
			name = Main.storyboard;
			sourceTree = "<group>";
		};
		1EE5080524B37DB8001F0865 /* LaunchScreen.storyboard */ = {
			isa = PBXVariantGroup;
			children = (
				1EE5080624B37DB8001F0865 /* Base */,
			);
			name = LaunchScreen.storyboard;
			sourceTree = "<group>";
		};
/* End PBXVariantGroup section */

/* Begin XCBuildConfiguration section */
		1EE5081424B37DB8001F0865 /* Debug */ = {
			isa = XCBuildConfiguration;
			buildSettings = {
				ALWAYS_SEARCH_USER_PATHS = NO;
				CLANG_ANALYZER_NONNULL = YES;
				CLANG_ANALYZER_NUMBER_OBJECT_CONVERSION = YES_AGGRESSIVE;
				CLANG_CXX_LANGUAGE_STANDARD = "gnu++14";
				CLANG_CXX_LIBRARY = "libc++";
				CLANG_ENABLE_MODULES = YES;
				CLANG_ENABLE_OBJC_ARC = YES;
				CLANG_ENABLE_OBJC_WEAK = YES;
				CLANG_WARN_BLOCK_CAPTURE_AUTORELEASING = YES;
				CLANG_WARN_BOOL_CONVERSION = YES;
				CLANG_WARN_COMMA = YES;
				CLANG_WARN_CONSTANT_CONVERSION = YES;
				CLANG_WARN_DEPRECATED_OBJC_IMPLEMENTATIONS = YES;
				CLANG_WARN_DIRECT_OBJC_ISA_USAGE = YES_ERROR;
				CLANG_WARN_DOCUMENTATION_COMMENTS = YES;
				CLANG_WARN_EMPTY_BODY = YES;
				CLANG_WARN_ENUM_CONVERSION = YES;
				CLANG_WARN_INFINITE_RECURSION = YES;
				CLANG_WARN_INT_CONVERSION = YES;
				CLANG_WARN_NON_LITERAL_NULL_CONVERSION = YES;
				CLANG_WARN_OBJC_IMPLICIT_RETAIN_SELF = YES;
				CLANG_WARN_OBJC_LITERAL_CONVERSION = YES;
				CLANG_WARN_OBJC_ROOT_CLASS = YES_ERROR;
				CLANG_WARN_RANGE_LOOP_ANALYSIS = YES;
				CLANG_WARN_STRICT_PROTOTYPES = YES;
				CLANG_WARN_SUSPICIOUS_MOVE = YES;
				CLANG_WARN_UNGUARDED_AVAILABILITY = YES_AGGRESSIVE;
				CLANG_WARN_UNREACHABLE_CODE = YES;
				CLANG_WARN__DUPLICATE_METHOD_MATCH = YES;
				COPY_PHASE_STRIP = NO;
				DEBUG_INFORMATION_FORMAT = dwarf;
				ENABLE_STRICT_OBJC_MSGSEND = YES;
				ENABLE_TESTABILITY = YES;
				GCC_C_LANGUAGE_STANDARD = gnu11;
				GCC_DYNAMIC_NO_PIC = NO;
				GCC_NO_COMMON_BLOCKS = YES;
				GCC_OPTIMIZATION_LEVEL = 0;
				GCC_PREPROCESSOR_DEFINITIONS = (
					"DEBUG=1",
					"$(inherited)",
				);
				GCC_WARN_64_TO_32_BIT_CONVERSION = YES;
				GCC_WARN_ABOUT_RETURN_TYPE = YES_ERROR;
				GCC_WARN_UNDECLARED_SELECTOR = YES;
				GCC_WARN_UNINITIALIZED_AUTOS = YES_AGGRESSIVE;
				GCC_WARN_UNUSED_FUNCTION = YES;
				GCC_WARN_UNUSED_VARIABLE = YES;
				IPHONEOS_DEPLOYMENT_TARGET = 13.5;
				MTL_ENABLE_DEBUG_INFO = INCLUDE_SOURCE;
				MTL_FAST_MATH = YES;
				ONLY_ACTIVE_ARCH = YES;
				SDKROOT = iphoneos;
				SWIFT_ACTIVE_COMPILATION_CONDITIONS = DEBUG;
				SWIFT_OPTIMIZATION_LEVEL = "-Onone";
			};
			name = Debug;
		};
		1EE5081524B37DB8001F0865 /* Release */ = {
			isa = XCBuildConfiguration;
			buildSettings = {
				ALWAYS_SEARCH_USER_PATHS = NO;
				CLANG_ANALYZER_NONNULL = YES;
				CLANG_ANALYZER_NUMBER_OBJECT_CONVERSION = YES_AGGRESSIVE;
				CLANG_CXX_LANGUAGE_STANDARD = "gnu++14";
				CLANG_CXX_LIBRARY = "libc++";
				CLANG_ENABLE_MODULES = YES;
				CLANG_ENABLE_OBJC_ARC = YES;
				CLANG_ENABLE_OBJC_WEAK = YES;
				CLANG_WARN_BLOCK_CAPTURE_AUTORELEASING = YES;
				CLANG_WARN_BOOL_CONVERSION = YES;
				CLANG_WARN_COMMA = YES;
				CLANG_WARN_CONSTANT_CONVERSION = YES;
				CLANG_WARN_DEPRECATED_OBJC_IMPLEMENTATIONS = YES;
				CLANG_WARN_DIRECT_OBJC_ISA_USAGE = YES_ERROR;
				CLANG_WARN_DOCUMENTATION_COMMENTS = YES;
				CLANG_WARN_EMPTY_BODY = YES;
				CLANG_WARN_ENUM_CONVERSION = YES;
				CLANG_WARN_INFINITE_RECURSION = YES;
				CLANG_WARN_INT_CONVERSION = YES;
				CLANG_WARN_NON_LITERAL_NULL_CONVERSION = YES;
				CLANG_WARN_OBJC_IMPLICIT_RETAIN_SELF = YES;
				CLANG_WARN_OBJC_LITERAL_CONVERSION = YES;
				CLANG_WARN_OBJC_ROOT_CLASS = YES_ERROR;
				CLANG_WARN_RANGE_LOOP_ANALYSIS = YES;
				CLANG_WARN_STRICT_PROTOTYPES = YES;
				CLANG_WARN_SUSPICIOUS_MOVE = YES;
				CLANG_WARN_UNGUARDED_AVAILABILITY = YES_AGGRESSIVE;
				CLANG_WARN_UNREACHABLE_CODE = YES;
				CLANG_WARN__DUPLICATE_METHOD_MATCH = YES;
				COPY_PHASE_STRIP = NO;
				DEBUG_INFORMATION_FORMAT = "dwarf-with-dsym";
				ENABLE_NS_ASSERTIONS = NO;
				ENABLE_STRICT_OBJC_MSGSEND = YES;
				GCC_C_LANGUAGE_STANDARD = gnu11;
				GCC_NO_COMMON_BLOCKS = YES;
				GCC_WARN_64_TO_32_BIT_CONVERSION = YES;
				GCC_WARN_ABOUT_RETURN_TYPE = YES_ERROR;
				GCC_WARN_UNDECLARED_SELECTOR = YES;
				GCC_WARN_UNINITIALIZED_AUTOS = YES_AGGRESSIVE;
				GCC_WARN_UNUSED_FUNCTION = YES;
				GCC_WARN_UNUSED_VARIABLE = YES;
				IPHONEOS_DEPLOYMENT_TARGET = 13.5;
				MTL_ENABLE_DEBUG_INFO = NO;
				MTL_FAST_MATH = YES;
				SDKROOT = iphoneos;
				SWIFT_COMPILATION_MODE = wholemodule;
				SWIFT_OPTIMIZATION_LEVEL = "-O";
				VALIDATE_PRODUCT = YES;
			};
			name = Release;
		};
		1EE5081724B37DB8001F0865 /* Debug */ = {
			isa = XCBuildConfiguration;
			buildSettings = {
				ASSETCATALOG_COMPILER_APPICON_NAME = AppIcon;
				CODE_SIGN_STYLE = Automatic;
				DEVELOPMENT_TEAM = DN92XS8U86;
				INFOPLIST_FILE = BinaryWatch/Info.plist;
				LD_RUNPATH_SEARCH_PATHS = (
					"$(inherited)",
					"@executable_path/Frameworks",
				);
				PRODUCT_BUNDLE_IDENTIFIER = se.Bjorn.Ahstrom.BinaryWatch;
				PRODUCT_NAME = "$(TARGET_NAME)";
				SWIFT_VERSION = 5.0;
				TARGETED_DEVICE_FAMILY = "1,2";
			};
			name = Debug;
		};
		1EE5081824B37DB8001F0865 /* Release */ = {
			isa = XCBuildConfiguration;
			buildSettings = {
				ASSETCATALOG_COMPILER_APPICON_NAME = AppIcon;
				CODE_SIGN_STYLE = Automatic;
				DEVELOPMENT_TEAM = DN92XS8U86;
				INFOPLIST_FILE = BinaryWatch/Info.plist;
				LD_RUNPATH_SEARCH_PATHS = (
					"$(inherited)",
					"@executable_path/Frameworks",
				);
				PRODUCT_BUNDLE_IDENTIFIER = se.Bjorn.Ahstrom.BinaryWatch;
				PRODUCT_NAME = "$(TARGET_NAME)";
				SWIFT_VERSION = 5.0;
				TARGETED_DEVICE_FAMILY = "1,2";
			};
			name = Release;
		};
		1EE5081A24B37DB8001F0865 /* Debug */ = {
			isa = XCBuildConfiguration;
			buildSettings = {
				ALWAYS_EMBED_SWIFT_STANDARD_LIBRARIES = YES;
				BUNDLE_LOADER = "$(TEST_HOST)";
				CODE_SIGN_STYLE = Automatic;
				DEVELOPMENT_TEAM = DN92XS8U86;
				INFOPLIST_FILE = BinaryWatchTests/Info.plist;
				IPHONEOS_DEPLOYMENT_TARGET = 13.5;
				LD_RUNPATH_SEARCH_PATHS = (
					"$(inherited)",
					"@executable_path/Frameworks",
					"@loader_path/Frameworks",
				);
				PRODUCT_BUNDLE_IDENTIFIER = se.Bjorn.Ahstrom.BinaryWatchTests;
				PRODUCT_NAME = "$(TARGET_NAME)";
				SWIFT_VERSION = 5.0;
				TARGETED_DEVICE_FAMILY = "1,2";
				TEST_HOST = "$(BUILT_PRODUCTS_DIR)/BinaryWatch.app/BinaryWatch";
			};
			name = Debug;
		};
		1EE5081B24B37DB8001F0865 /* Release */ = {
			isa = XCBuildConfiguration;
			buildSettings = {
				ALWAYS_EMBED_SWIFT_STANDARD_LIBRARIES = YES;
				BUNDLE_LOADER = "$(TEST_HOST)";
				CODE_SIGN_STYLE = Automatic;
				DEVELOPMENT_TEAM = DN92XS8U86;
				INFOPLIST_FILE = BinaryWatchTests/Info.plist;
				IPHONEOS_DEPLOYMENT_TARGET = 13.5;
				LD_RUNPATH_SEARCH_PATHS = (
					"$(inherited)",
					"@executable_path/Frameworks",
					"@loader_path/Frameworks",
				);
				PRODUCT_BUNDLE_IDENTIFIER = se.Bjorn.Ahstrom.BinaryWatchTests;
				PRODUCT_NAME = "$(TARGET_NAME)";
				SWIFT_VERSION = 5.0;
				TARGETED_DEVICE_FAMILY = "1,2";
				TEST_HOST = "$(BUILT_PRODUCTS_DIR)/BinaryWatch.app/BinaryWatch";
			};
			name = Release;
		};
/* End XCBuildConfiguration section */

/* Begin XCConfigurationList section */
		1EE507EF24B37DB5001F0865 /* Build configuration list for PBXProject "BinaryWatch" */ = {
			isa = XCConfigurationList;
			buildConfigurations = (
				1EE5081424B37DB8001F0865 /* Debug */,
				1EE5081524B37DB8001F0865 /* Release */,
			);
			defaultConfigurationIsVisible = 0;
			defaultConfigurationName = Release;
		};
		1EE5081624B37DB8001F0865 /* Build configuration list for PBXNativeTarget "BinaryWatch" */ = {
			isa = XCConfigurationList;
			buildConfigurations = (
				1EE5081724B37DB8001F0865 /* Debug */,
				1EE5081824B37DB8001F0865 /* Release */,
			);
			defaultConfigurationIsVisible = 0;
			defaultConfigurationName = Release;
		};
		1EE5081924B37DB8001F0865 /* Build configuration list for PBXNativeTarget "BinaryWatchTests" */ = {
			isa = XCConfigurationList;
			buildConfigurations = (
				1EE5081A24B37DB8001F0865 /* Debug */,
				1EE5081B24B37DB8001F0865 /* Release */,
			);
			defaultConfigurationIsVisible = 0;
			defaultConfigurationName = Release;
		};
/* End XCConfigurationList section */

/* Begin XCVersionGroup section */
		1EE5080024B37DB5001F0865 /* BinaryWatch.xcdatamodeld */ = {
			isa = XCVersionGroup;
			children = (
				1EE5080124B37DB5001F0865 /* BinaryWatch.xcdatamodel */,
			);
			currentVersion = 1EE5080124B37DB5001F0865 /* BinaryWatch.xcdatamodel */;
			path = BinaryWatch.xcdatamodeld;
			sourceTree = "<group>";
			versionGroupType = wrapper.xcdatamodel;
		};
/* End XCVersionGroup section */
	};
	rootObject = 1EE507EC24B37DB5001F0865 /* Project object */;
}
